{
    "_meta": {
        "hash": {
            "sha256": "ff4a35201a843680dada81018746eab07bd785f4ab255d58e924d7510fa2e972"
        },
        "pipfile-spec": 6,
        "requires": {
            "python_version": "3.7"
        },
        "sources": [
            {
                "name": "pypi",
                "url": "https://pypi.org/simple",
                "verify_ssl": true
            }
        ]
    },
    "default": {
        "pickledb": {
            "hashes": [
                "sha256:ec6973e65d7d112849e78ce522840aa908efb2523470bb8ce5c7942310192240"
            ],
            "index": "pypi",
            "version": "==0.9.2"
        },
        "redis": {
            "hashes": [
                "sha256:98a22fb750c9b9bb46e75e945dc3f61d0ab30d06117cbb21ff9cd1d315fedd3b",
                "sha256:c504251769031b0dd7dd5cf786050a6050197c6de0d37778c80c08cb04ae8275"
            ],
            "index": "pypi",
            "version": "==3.3.8"
        },
        "simple-http-server": {
            "hashes": [
                "sha256:3be8f1775be377109b8c471fa6acf5369e9cd96dbc15ce4c38538c51562e90e6",
                "sha256:c64dbf1eedca4896ecd69fc5c5bec2dd78b8fc9b10bd6725e3b625ed9aef8301"
            ],
            "index": "pypi",
            "version": "==0.1.7"
        }
    },
    "develop": {}
}
